// !$*UTF8*$!
{
	archiveVersion = 1;
	classes = {
	};
	objectVersion = 50;
	objects = {

/* Begin PBXBuildFile section */
		9C06068A26EA5A4B001DA124 /* CodeMagicBuildApp.swift in Sources */ = {isa = PBXBuildFile; fileRef = 9C06068926EA5A4B001DA124 /* CodeMagicBuildApp.swift */; };
		9C06068C26EA5A4B001DA124 /* ContentView.swift in Sources */ = {isa = PBXBuildFile; fileRef = 9C06068B26EA5A4B001DA124 /* ContentView.swift */; };
		9C06068E26EA5A4E001DA124 /* Assets.xcassets in Resources */ = {isa = PBXBuildFile; fileRef = 9C06068D26EA5A4E001DA124 /* Assets.xcassets */; };
		9C06069126EA5A4E001DA124 /* Preview Assets.xcassets in Resources */ = {isa = PBXBuildFile; fileRef = 9C06069026EA5A4E001DA124 /* Preview Assets.xcassets */; };
		9C06069C26EA5A4E001DA124 /* CodeMagicBuildTests.swift in Sources */ = {isa = PBXBuildFile; fileRef = 9C06069B26EA5A4E001DA124 /* CodeMagicBuildTests.swift */; };
		9C0606A726EA5A4F001DA124 /* CodeMagicBuildUITests.swift in Sources */ = {isa = PBXBuildFile; fileRef = 9C0606A626EA5A4F001DA124 /* CodeMagicBuildUITests.swift */; };
		9C0606B626EA5A79001DA124 /* ContentView.swift in Sources */ = {isa = PBXBuildFile; fileRef = 9C06068B26EA5A4B001DA124 /* ContentView.swift */; };
		9C0606B726EA5A79001DA124 /* CodeMagicBuildApp.swift in Sources */ = {isa = PBXBuildFile; fileRef = 9C06068926EA5A4B001DA124 /* CodeMagicBuildApp.swift */; };
		9C0606BA26EA5A79001DA124 /* Preview Assets.xcassets in Resources */ = {isa = PBXBuildFile; fileRef = 9C06069026EA5A4E001DA124 /* Preview Assets.xcassets */; };
		9C0606BB26EA5A79001DA124 /* Assets.xcassets in Resources */ = {isa = PBXBuildFile; fileRef = 9C06068D26EA5A4E001DA124 /* Assets.xcassets */; };
/* End PBXBuildFile section */

/* Begin PBXContainerItemProxy section */
		9C06069826EA5A4E001DA124 /* PBXContainerItemProxy */ = {
			isa = PBXContainerItemProxy;
			containerPortal = 9C06067E26EA5A4B001DA124 /* Project object */;
			proxyType = 1;
			remoteGlobalIDString = 9C06068526EA5A4B001DA124;
			remoteInfo = CodeMagicBuild;
		};
		9C0606A326EA5A4F001DA124 /* PBXContainerItemProxy */ = {
			isa = PBXContainerItemProxy;
			containerPortal = 9C06067E26EA5A4B001DA124 /* Project object */;
			proxyType = 1;
			remoteGlobalIDString = 9C06068526EA5A4B001DA124;
			remoteInfo = CodeMagicBuild;
		};
/* End PBXContainerItemProxy section */

/* Begin PBXFileReference section */
		9C06068626EA5A4B001DA124 /* CodeMagicBuild.app */ = {isa = PBXFileReference; explicitFileType = wrapper.application; includeInIndex = 0; path = CodeMagicBuild.app; sourceTree = BUILT_PRODUCTS_DIR; };
		9C06068926EA5A4B001DA124 /* CodeMagicBuildApp.swift */ = {isa = PBXFileReference; lastKnownFileType = sourcecode.swift; path = CodeMagicBuildApp.swift; sourceTree = "<group>"; };
		9C06068B26EA5A4B001DA124 /* ContentView.swift */ = {isa = PBXFileReference; lastKnownFileType = sourcecode.swift; path = ContentView.swift; sourceTree = "<group>"; };
		9C06068D26EA5A4E001DA124 /* Assets.xcassets */ = {isa = PBXFileReference; lastKnownFileType = folder.assetcatalog; path = Assets.xcassets; sourceTree = "<group>"; };
		9C06069026EA5A4E001DA124 /* Preview Assets.xcassets */ = {isa = PBXFileReference; lastKnownFileType = folder.assetcatalog; path = "Preview Assets.xcassets"; sourceTree = "<group>"; };
		9C06069226EA5A4E001DA124 /* Info.plist */ = {isa = PBXFileReference; lastKnownFileType = text.plist.xml; path = Info.plist; sourceTree = "<group>"; };
		9C06069726EA5A4E001DA124 /* CodeMagicBuildTests.xctest */ = {isa = PBXFileReference; explicitFileType = wrapper.cfbundle; includeInIndex = 0; path = CodeMagicBuildTests.xctest; sourceTree = BUILT_PRODUCTS_DIR; };
		9C06069B26EA5A4E001DA124 /* CodeMagicBuildTests.swift */ = {isa = PBXFileReference; lastKnownFileType = sourcecode.swift; path = CodeMagicBuildTests.swift; sourceTree = "<group>"; };
		9C06069D26EA5A4E001DA124 /* Info.plist */ = {isa = PBXFileReference; lastKnownFileType = text.plist.xml; path = Info.plist; sourceTree = "<group>"; };
		9C0606A226EA5A4F001DA124 /* CodeMagicBuildUITests.xctest */ = {isa = PBXFileReference; explicitFileType = wrapper.cfbundle; includeInIndex = 0; path = CodeMagicBuildUITests.xctest; sourceTree = BUILT_PRODUCTS_DIR; };
		9C0606A626EA5A4F001DA124 /* CodeMagicBuildUITests.swift */ = {isa = PBXFileReference; lastKnownFileType = sourcecode.swift; path = CodeMagicBuildUITests.swift; sourceTree = "<group>"; };
		9C0606A826EA5A4F001DA124 /* Info.plist */ = {isa = PBXFileReference; lastKnownFileType = text.plist.xml; path = Info.plist; sourceTree = "<group>"; };
		9C0606BF26EA5A79001DA124 /* CodeMagicBuild copy.app */ = {isa = PBXFileReference; explicitFileType = wrapper.application; includeInIndex = 0; path = "CodeMagicBuild copy.app"; sourceTree = BUILT_PRODUCTS_DIR; };
		9C0606C026EA5A79001DA124 /* CodeMagicBuild copy-Info.plist */ = {isa = PBXFileReference; lastKnownFileType = text.plist.xml; name = "CodeMagicBuild copy-Info.plist"; path = "/Users/Leandro/Documents/jobs/Dyna/CodeMagicBuild/CodeMagicBuild copy-Info.plist"; sourceTree = "<absolute>"; };
/* End PBXFileReference section */

/* Begin PBXFrameworksBuildPhase section */
		9C06068326EA5A4B001DA124 /* Frameworks */ = {
			isa = PBXFrameworksBuildPhase;
			buildActionMask = 2147483647;
			files = (
			);
			runOnlyForDeploymentPostprocessing = 0;
		};
		9C06069426EA5A4E001DA124 /* Frameworks */ = {
			isa = PBXFrameworksBuildPhase;
			buildActionMask = 2147483647;
			files = (
			);
			runOnlyForDeploymentPostprocessing = 0;
		};
		9C06069F26EA5A4F001DA124 /* Frameworks */ = {
			isa = PBXFrameworksBuildPhase;
			buildActionMask = 2147483647;
			files = (
			);
			runOnlyForDeploymentPostprocessing = 0;
		};
		9C0606B826EA5A79001DA124 /* Frameworks */ = {
			isa = PBXFrameworksBuildPhase;
			buildActionMask = 2147483647;
			files = (
			);
			runOnlyForDeploymentPostprocessing = 0;
		};
/* End PBXFrameworksBuildPhase section */

/* Begin PBXGroup section */
		9C06067D26EA5A4B001DA124 = {
			isa = PBXGroup;
			children = (
				9C06068826EA5A4B001DA124 /* CodeMagicBuild */,
				9C06069A26EA5A4E001DA124 /* CodeMagicBuildTests */,
				9C0606A526EA5A4F001DA124 /* CodeMagicBuildUITests */,
				9C06068726EA5A4B001DA124 /* Products */,
				9C0606C026EA5A79001DA124 /* CodeMagicBuild copy-Info.plist */,
			);
			sourceTree = "<group>";
		};
		9C06068726EA5A4B001DA124 /* Products */ = {
			isa = PBXGroup;
			children = (
				9C06068626EA5A4B001DA124 /* CodeMagicBuild.app */,
				9C06069726EA5A4E001DA124 /* CodeMagicBuildTests.xctest */,
				9C0606A226EA5A4F001DA124 /* CodeMagicBuildUITests.xctest */,
				9C0606BF26EA5A79001DA124 /* CodeMagicBuild copy.app */,
			);
			name = Products;
			sourceTree = "<group>";
		};
		9C06068826EA5A4B001DA124 /* CodeMagicBuild */ = {
			isa = PBXGroup;
			children = (
				9C06068926EA5A4B001DA124 /* CodeMagicBuildApp.swift */,
				9C06068B26EA5A4B001DA124 /* ContentView.swift */,
				9C06068D26EA5A4E001DA124 /* Assets.xcassets */,
				9C06069226EA5A4E001DA124 /* Info.plist */,
				9C06068F26EA5A4E001DA124 /* Preview Content */,
			);
			path = CodeMagicBuild;
			sourceTree = "<group>";
		};
		9C06068F26EA5A4E001DA124 /* Preview Content */ = {
			isa = PBXGroup;
			children = (
				9C06069026EA5A4E001DA124 /* Preview Assets.xcassets */,
			);
			path = "Preview Content";
			sourceTree = "<group>";
		};
		9C06069A26EA5A4E001DA124 /* CodeMagicBuildTests */ = {
			isa = PBXGroup;
			children = (
				9C06069B26EA5A4E001DA124 /* CodeMagicBuildTests.swift */,
				9C06069D26EA5A4E001DA124 /* Info.plist */,
			);
			path = CodeMagicBuildTests;
			sourceTree = "<group>";
		};
		9C0606A526EA5A4F001DA124 /* CodeMagicBuildUITests */ = {
			isa = PBXGroup;
			children = (
				9C0606A626EA5A4F001DA124 /* CodeMagicBuildUITests.swift */,
				9C0606A826EA5A4F001DA124 /* Info.plist */,
			);
			path = CodeMagicBuildUITests;
			sourceTree = "<group>";
		};
/* End PBXGroup section */

/* Begin PBXNativeTarget section */
		9C06068526EA5A4B001DA124 /* CodeMagicBuild */ = {
			isa = PBXNativeTarget;
			buildConfigurationList = 9C0606AB26EA5A4F001DA124 /* Build configuration list for PBXNativeTarget "CodeMagicBuild" */;
			buildPhases = (
				9C06068226EA5A4B001DA124 /* Sources */,
				9C06068326EA5A4B001DA124 /* Frameworks */,
				9C06068426EA5A4B001DA124 /* Resources */,
			);
			buildRules = (
			);
			dependencies = (
			);
			name = CodeMagicBuild;
			productName = CodeMagicBuild;
			productReference = 9C06068626EA5A4B001DA124 /* CodeMagicBuild.app */;
			productType = "com.apple.product-type.application";
		};
		9C06069626EA5A4E001DA124 /* CodeMagicBuildTests */ = {
			isa = PBXNativeTarget;
			buildConfigurationList = 9C0606AE26EA5A4F001DA124 /* Build configuration list for PBXNativeTarget "CodeMagicBuildTests" */;
			buildPhases = (
				9C06069326EA5A4E001DA124 /* Sources */,
				9C06069426EA5A4E001DA124 /* Frameworks */,
				9C06069526EA5A4E001DA124 /* Resources */,
			);
			buildRules = (
			);
			dependencies = (
				9C06069926EA5A4E001DA124 /* PBXTargetDependency */,
			);
			name = CodeMagicBuildTests;
			productName = CodeMagicBuildTests;
			productReference = 9C06069726EA5A4E001DA124 /* CodeMagicBuildTests.xctest */;
			productType = "com.apple.product-type.bundle.unit-test";
		};
		9C0606A126EA5A4F001DA124 /* CodeMagicBuildUITests */ = {
			isa = PBXNativeTarget;
			buildConfigurationList = 9C0606B126EA5A4F001DA124 /* Build configuration list for PBXNativeTarget "CodeMagicBuildUITests" */;
			buildPhases = (
				9C06069E26EA5A4F001DA124 /* Sources */,
				9C06069F26EA5A4F001DA124 /* Frameworks */,
				9C0606A026EA5A4F001DA124 /* Resources */,
			);
			buildRules = (
			);
			dependencies = (
				9C0606A426EA5A4F001DA124 /* PBXTargetDependency */,
			);
			name = CodeMagicBuildUITests;
			productName = CodeMagicBuildUITests;
			productReference = 9C0606A226EA5A4F001DA124 /* CodeMagicBuildUITests.xctest */;
			productType = "com.apple.product-type.bundle.ui-testing";
		};
		9C0606B426EA5A79001DA124 /* CodeMagicBuild copy */ = {
			isa = PBXNativeTarget;
			buildConfigurationList = 9C0606BC26EA5A79001DA124 /* Build configuration list for PBXNativeTarget "CodeMagicBuild copy" */;
			buildPhases = (
				9C0606B526EA5A79001DA124 /* Sources */,
				9C0606B826EA5A79001DA124 /* Frameworks */,
				9C0606B926EA5A79001DA124 /* Resources */,
			);
			buildRules = (
			);
			dependencies = (
			);
			name = "CodeMagicBuild copy";
			productName = CodeMagicBuild;
			productReference = 9C0606BF26EA5A79001DA124 /* CodeMagicBuild copy.app */;
			productType = "com.apple.product-type.application";
		};
/* End PBXNativeTarget section */

/* Begin PBXProject section */
		9C06067E26EA5A4B001DA124 /* Project object */ = {
			isa = PBXProject;
			attributes = {
				LastSwiftUpdateCheck = 1250;
				LastUpgradeCheck = 1250;
				TargetAttributes = {
					9C06068526EA5A4B001DA124 = {
						CreatedOnToolsVersion = 12.5.1;
					};
					9C06069626EA5A4E001DA124 = {
						CreatedOnToolsVersion = 12.5.1;
						TestTargetID = 9C06068526EA5A4B001DA124;
					};
					9C0606A126EA5A4F001DA124 = {
						CreatedOnToolsVersion = 12.5.1;
						TestTargetID = 9C06068526EA5A4B001DA124;
					};
				};
			};
			buildConfigurationList = 9C06068126EA5A4B001DA124 /* Build configuration list for PBXProject "CodeMagicBuild" */;
			compatibilityVersion = "Xcode 9.3";
			developmentRegion = en;
			hasScannedForEncodings = 0;
			knownRegions = (
				en,
				Base,
			);
			mainGroup = 9C06067D26EA5A4B001DA124;
			productRefGroup = 9C06068726EA5A4B001DA124 /* Products */;
			projectDirPath = "";
			projectRoot = "";
			targets = (
				9C06068526EA5A4B001DA124 /* CodeMagicBuild */,
				9C06069626EA5A4E001DA124 /* CodeMagicBuildTests */,
				9C0606A126EA5A4F001DA124 /* CodeMagicBuildUITests */,
				9C0606B426EA5A79001DA124 /* CodeMagicBuild copy */,
			);
		};
/* End PBXProject section */

/* Begin PBXResourcesBuildPhase section */
		9C06068426EA5A4B001DA124 /* Resources */ = {
			isa = PBXResourcesBuildPhase;
			buildActionMask = 2147483647;
			files = (
				9C06069126EA5A4E001DA124 /* Preview Assets.xcassets in Resources */,
				9C06068E26EA5A4E001DA124 /* Assets.xcassets in Resources */,
			);
			runOnlyForDeploymentPostprocessing = 0;
		};
		9C06069526EA5A4E001DA124 /* Resources */ = {
			isa = PBXResourcesBuildPhase;
			buildActionMask = 2147483647;
			files = (
			);
			runOnlyForDeploymentPostprocessing = 0;
		};
		9C0606A026EA5A4F001DA124 /* Resources */ = {
			isa = PBXResourcesBuildPhase;
			buildActionMask = 2147483647;
			files = (
			);
			runOnlyForDeploymentPostprocessing = 0;
		};
		9C0606B926EA5A79001DA124 /* Resources */ = {
			isa = PBXResourcesBuildPhase;
			buildActionMask = 2147483647;
			files = (
				9C0606BA26EA5A79001DA124 /* Preview Assets.xcassets in Resources */,
				9C0606BB26EA5A79001DA124 /* Assets.xcassets in Resources */,
			);
			runOnlyForDeploymentPostprocessing = 0;
		};
/* End PBXResourcesBuildPhase section */

/* Begin PBXSourcesBuildPhase section */
		9C06068226EA5A4B001DA124 /* Sources */ = {
			isa = PBXSourcesBuildPhase;
			buildActionMask = 2147483647;
			files = (
				9C06068C26EA5A4B001DA124 /* ContentView.swift in Sources */,
				9C06068A26EA5A4B001DA124 /* CodeMagicBuildApp.swift in Sources */,
			);
			runOnlyForDeploymentPostprocessing = 0;
		};
		9C06069326EA5A4E001DA124 /* Sources */ = {
			isa = PBXSourcesBuildPhase;
			buildActionMask = 2147483647;
			files = (
				9C06069C26EA5A4E001DA124 /* CodeMagicBuildTests.swift in Sources */,
			);
			runOnlyForDeploymentPostprocessing = 0;
		};
		9C06069E26EA5A4F001DA124 /* Sources */ = {
			isa = PBXSourcesBuildPhase;
			buildActionMask = 2147483647;
			files = (
				9C0606A726EA5A4F001DA124 /* CodeMagicBuildUITests.swift in Sources */,
			);
			runOnlyForDeploymentPostprocessing = 0;
		};
		9C0606B526EA5A79001DA124 /* Sources */ = {
			isa = PBXSourcesBuildPhase;
			buildActionMask = 2147483647;
			files = (
				9C0606B626EA5A79001DA124 /* ContentView.swift in Sources */,
				9C0606B726EA5A79001DA124 /* CodeMagicBuildApp.swift in Sources */,
			);
			runOnlyForDeploymentPostprocessing = 0;
		};
/* End PBXSourcesBuildPhase section */

/* Begin PBXTargetDependency section */
		9C06069926EA5A4E001DA124 /* PBXTargetDependency */ = {
			isa = PBXTargetDependency;
			target = 9C06068526EA5A4B001DA124 /* CodeMagicBuild */;
			targetProxy = 9C06069826EA5A4E001DA124 /* PBXContainerItemProxy */;
		};
		9C0606A426EA5A4F001DA124 /* PBXTargetDependency */ = {
			isa = PBXTargetDependency;
			target = 9C06068526EA5A4B001DA124 /* CodeMagicBuild */;
			targetProxy = 9C0606A326EA5A4F001DA124 /* PBXContainerItemProxy */;
		};
/* End PBXTargetDependency section */

/* Begin XCBuildConfiguration section */
		9C0606A926EA5A4F001DA124 /* Debug */ = {
			isa = XCBuildConfiguration;
			buildSettings = {
				ALWAYS_SEARCH_USER_PATHS = NO;
				CLANG_ANALYZER_NONNULL = YES;
				CLANG_ANALYZER_NUMBER_OBJECT_CONVERSION = YES_AGGRESSIVE;
				CLANG_CXX_LANGUAGE_STANDARD = "gnu++14";
				CLANG_CXX_LIBRARY = "libc++";
				CLANG_ENABLE_MODULES = YES;
				CLANG_ENABLE_OBJC_ARC = YES;
				CLANG_ENABLE_OBJC_WEAK = YES;
				CLANG_WARN_BLOCK_CAPTURE_AUTORELEASING = YES;
				CLANG_WARN_BOOL_CONVERSION = YES;
				CLANG_WARN_COMMA = YES;
				CLANG_WARN_CONSTANT_CONVERSION = YES;
				CLANG_WARN_DEPRECATED_OBJC_IMPLEMENTATIONS = YES;
				CLANG_WARN_DIRECT_OBJC_ISA_USAGE = YES_ERROR;
				CLANG_WARN_DOCUMENTATION_COMMENTS = YES;
				CLANG_WARN_EMPTY_BODY = YES;
				CLANG_WARN_ENUM_CONVERSION = YES;
				CLANG_WARN_INFINITE_RECURSION = YES;
				CLANG_WARN_INT_CONVERSION = YES;
				CLANG_WARN_NON_LITERAL_NULL_CONVERSION = YES;
				CLANG_WARN_OBJC_IMPLICIT_RETAIN_SELF = YES;
				CLANG_WARN_OBJC_LITERAL_CONVERSION = YES;
				CLANG_WARN_OBJC_ROOT_CLASS = YES_ERROR;
				CLANG_WARN_QUOTED_INCLUDE_IN_FRAMEWORK_HEADER = YES;
				CLANG_WARN_RANGE_LOOP_ANALYSIS = YES;
				CLANG_WARN_STRICT_PROTOTYPES = YES;
				CLANG_WARN_SUSPICIOUS_MOVE = YES;
				CLANG_WARN_UNGUARDED_AVAILABILITY = YES_AGGRESSIVE;
				CLANG_WARN_UNREACHABLE_CODE = YES;
				CLANG_WARN__DUPLICATE_METHOD_MATCH = YES;
				COPY_PHASE_STRIP = NO;
				DEBUG_INFORMATION_FORMAT = dwarf;
				ENABLE_STRICT_OBJC_MSGSEND = YES;
				ENABLE_TESTABILITY = YES;
				GCC_C_LANGUAGE_STANDARD = gnu11;
				GCC_DYNAMIC_NO_PIC = NO;
				GCC_NO_COMMON_BLOCKS = YES;
				GCC_OPTIMIZATION_LEVEL = 0;
				GCC_PREPROCESSOR_DEFINITIONS = (
					"DEBUG=1",
					"$(inherited)",
				);
				GCC_WARN_64_TO_32_BIT_CONVERSION = YES;
				GCC_WARN_ABOUT_RETURN_TYPE = YES_ERROR;
				GCC_WARN_UNDECLARED_SELECTOR = YES;
				GCC_WARN_UNINITIALIZED_AUTOS = YES_AGGRESSIVE;
				GCC_WARN_UNUSED_FUNCTION = YES;
				GCC_WARN_UNUSED_VARIABLE = YES;
				IPHONEOS_DEPLOYMENT_TARGET = 14.5;
				MTL_ENABLE_DEBUG_INFO = INCLUDE_SOURCE;
				MTL_FAST_MATH = YES;
				ONLY_ACTIVE_ARCH = YES;
				SDKROOT = iphoneos;
				SWIFT_ACTIVE_COMPILATION_CONDITIONS = DEBUG;
				SWIFT_OPTIMIZATION_LEVEL = "-Onone";
			};
			name = Debug;
		};
		9C0606AA26EA5A4F001DA124 /* Release */ = {
			isa = XCBuildConfiguration;
			buildSettings = {
				ALWAYS_SEARCH_USER_PATHS = NO;
				CLANG_ANALYZER_NONNULL = YES;
				CLANG_ANALYZER_NUMBER_OBJECT_CONVERSION = YES_AGGRESSIVE;
				CLANG_CXX_LANGUAGE_STANDARD = "gnu++14";
				CLANG_CXX_LIBRARY = "libc++";
				CLANG_ENABLE_MODULES = YES;
				CLANG_ENABLE_OBJC_ARC = YES;
				CLANG_ENABLE_OBJC_WEAK = YES;
				CLANG_WARN_BLOCK_CAPTURE_AUTORELEASING = YES;
				CLANG_WARN_BOOL_CONVERSION = YES;
				CLANG_WARN_COMMA = YES;
				CLANG_WARN_CONSTANT_CONVERSION = YES;
				CLANG_WARN_DEPRECATED_OBJC_IMPLEMENTATIONS = YES;
				CLANG_WARN_DIRECT_OBJC_ISA_USAGE = YES_ERROR;
				CLANG_WARN_DOCUMENTATION_COMMENTS = YES;
				CLANG_WARN_EMPTY_BODY = YES;
				CLANG_WARN_ENUM_CONVERSION = YES;
				CLANG_WARN_INFINITE_RECURSION = YES;
				CLANG_WARN_INT_CONVERSION = YES;
				CLANG_WARN_NON_LITERAL_NULL_CONVERSION = YES;
				CLANG_WARN_OBJC_IMPLICIT_RETAIN_SELF = YES;
				CLANG_WARN_OBJC_LITERAL_CONVERSION = YES;
				CLANG_WARN_OBJC_ROOT_CLASS = YES_ERROR;
				CLANG_WARN_QUOTED_INCLUDE_IN_FRAMEWORK_HEADER = YES;
				CLANG_WARN_RANGE_LOOP_ANALYSIS = YES;
				CLANG_WARN_STRICT_PROTOTYPES = YES;
				CLANG_WARN_SUSPICIOUS_MOVE = YES;
				CLANG_WARN_UNGUARDED_AVAILABILITY = YES_AGGRESSIVE;
				CLANG_WARN_UNREACHABLE_CODE = YES;
				CLANG_WARN__DUPLICATE_METHOD_MATCH = YES;
				COPY_PHASE_STRIP = NO;
				DEBUG_INFORMATION_FORMAT = "dwarf-with-dsym";
				ENABLE_NS_ASSERTIONS = NO;
				ENABLE_STRICT_OBJC_MSGSEND = YES;
				GCC_C_LANGUAGE_STANDARD = gnu11;
				GCC_NO_COMMON_BLOCKS = YES;
				GCC_WARN_64_TO_32_BIT_CONVERSION = YES;
				GCC_WARN_ABOUT_RETURN_TYPE = YES_ERROR;
				GCC_WARN_UNDECLARED_SELECTOR = YES;
				GCC_WARN_UNINITIALIZED_AUTOS = YES_AGGRESSIVE;
				GCC_WARN_UNUSED_FUNCTION = YES;
				GCC_WARN_UNUSED_VARIABLE = YES;
				IPHONEOS_DEPLOYMENT_TARGET = 14.5;
				MTL_ENABLE_DEBUG_INFO = NO;
				MTL_FAST_MATH = YES;
				SDKROOT = iphoneos;
				SWIFT_COMPILATION_MODE = wholemodule;
				SWIFT_OPTIMIZATION_LEVEL = "-O";
				VALIDATE_PRODUCT = YES;
			};
			name = Release;
		};
		9C0606AC26EA5A4F001DA124 /* Debug */ = {
			isa = XCBuildConfiguration;
			buildSettings = {
				ASSETCATALOG_COMPILER_APPICON_NAME = AppIcon;
				ASSETCATALOG_COMPILER_GLOBAL_ACCENT_COLOR_NAME = AccentColor;
				CODE_SIGN_STYLE = Automatic;
				DEVELOPMENT_ASSET_PATHS = "\"CodeMagicBuild/Preview Content\"";
				DEVELOPMENT_TEAM = 4DMMRS6D94;
				ENABLE_PREVIEWS = YES;
				INFOPLIST_FILE = CodeMagicBuild/Info.plist;
				IPHONEOS_DEPLOYMENT_TARGET = 14.0;
				LD_RUNPATH_SEARCH_PATHS = (
					"$(inherited)",
					"@executable_path/Frameworks",
				);
				PRODUCT_BUNDLE_IDENTIFIER = lpa.CodeMagicBuild;
				PRODUCT_NAME = "$(TARGET_NAME)";
				SWIFT_VERSION = 5.0;
				TARGETED_DEVICE_FAMILY = "1,2";
			};
			name = Debug;
		};
		9C0606AD26EA5A4F001DA124 /* Release */ = {
			isa = XCBuildConfiguration;
			buildSettings = {
				ASSETCATALOG_COMPILER_APPICON_NAME = AppIcon;
				ASSETCATALOG_COMPILER_GLOBAL_ACCENT_COLOR_NAME = AccentColor;
				CODE_SIGN_STYLE = Automatic;
				DEVELOPMENT_ASSET_PATHS = "\"CodeMagicBuild/Preview Content\"";
				DEVELOPMENT_TEAM = 4DMMRS6D94;
				ENABLE_PREVIEWS = YES;
				INFOPLIST_FILE = CodeMagicBuild/Info.plist;
				IPHONEOS_DEPLOYMENT_TARGET = 14.0;
				LD_RUNPATH_SEARCH_PATHS = (
					"$(inherited)",
					"@executable_path/Frameworks",
				);
				PRODUCT_BUNDLE_IDENTIFIER = lpa.CodeMagicBuild;
				PRODUCT_NAME = "$(TARGET_NAME)";
				SWIFT_VERSION = 5.0;
				TARGETED_DEVICE_FAMILY = "1,2";
			};
			name = Release;
		};
		9C0606AF26EA5A4F001DA124 /* Debug */ = {
			isa = XCBuildConfiguration;
			buildSettings = {
				ALWAYS_EMBED_SWIFT_STANDARD_LIBRARIES = YES;
				BUNDLE_LOADER = "$(TEST_HOST)";
				CODE_SIGN_STYLE = Automatic;
				DEVELOPMENT_TEAM = 4DMMRS6D94;
				INFOPLIST_FILE = CodeMagicBuildTests/Info.plist;
				IPHONEOS_DEPLOYMENT_TARGET = 14.0;
				LD_RUNPATH_SEARCH_PATHS = (
					"$(inherited)",
					"@executable_path/Frameworks",
					"@loader_path/Frameworks",
				);
				PRODUCT_BUNDLE_IDENTIFIER = lpa.CodeMagicBuildTests;
				PRODUCT_NAME = "$(TARGET_NAME)";
				SWIFT_VERSION = 5.0;
				TARGETED_DEVICE_FAMILY = "1,2";
				TEST_HOST = "$(BUILT_PRODUCTS_DIR)/CodeMagicBuild.app/CodeMagicBuild";
			};
			name = Debug;
		};
		9C0606B026EA5A4F001DA124 /* Release */ = {
			isa = XCBuildConfiguration;
			buildSettings = {
				ALWAYS_EMBED_SWIFT_STANDARD_LIBRARIES = YES;
				BUNDLE_LOADER = "$(TEST_HOST)";
				CODE_SIGN_STYLE = Automatic;
				DEVELOPMENT_TEAM = 4DMMRS6D94;
				INFOPLIST_FILE = CodeMagicBuildTests/Info.plist;
				IPHONEOS_DEPLOYMENT_TARGET = 14.0;
				LD_RUNPATH_SEARCH_PATHS = (
					"$(inherited)",
					"@executable_path/Frameworks",
					"@loader_path/Frameworks",
				);
				PRODUCT_BUNDLE_IDENTIFIER = lpa.CodeMagicBuildTests;
				PRODUCT_NAME = "$(TARGET_NAME)";
				SWIFT_VERSION = 5.0;
				TARGETED_DEVICE_FAMILY = "1,2";
				TEST_HOST = "$(BUILT_PRODUCTS_DIR)/CodeMagicBuild.app/CodeMagicBuild";
			};
			name = Release;
		};
		9C0606B226EA5A4F001DA124 /* Debug */ = {
			isa = XCBuildConfiguration;
			buildSettings = {
				ALWAYS_EMBED_SWIFT_STANDARD_LIBRARIES = YES;
				CODE_SIGN_STYLE = Automatic;
				DEVELOPMENT_TEAM = 4DMMRS6D94;
				INFOPLIST_FILE = CodeMagicBuildUITests/Info.plist;
				LD_RUNPATH_SEARCH_PATHS = (
					"$(inherited)",
					"@executable_path/Frameworks",
					"@loader_path/Frameworks",
				);
				PRODUCT_BUNDLE_IDENTIFIER = lpa.CodeMagicBuildUITests;
				PRODUCT_NAME = "$(TARGET_NAME)";
				SWIFT_VERSION = 5.0;
				TARGETED_DEVICE_FAMILY = "1,2";
				TEST_TARGET_NAME = CodeMagicBuild;
			};
			name = Debug;
		};
		9C0606B326EA5A4F001DA124 /* Release */ = {
			isa = XCBuildConfiguration;
			buildSettings = {
				ALWAYS_EMBED_SWIFT_STANDARD_LIBRARIES = YES;
				CODE_SIGN_STYLE = Automatic;
				DEVELOPMENT_TEAM = 4DMMRS6D94;
				INFOPLIST_FILE = CodeMagicBuildUITests/Info.plist;
				LD_RUNPATH_SEARCH_PATHS = (
					"$(inherited)",
					"@executable_path/Frameworks",
					"@loader_path/Frameworks",
				);
				PRODUCT_BUNDLE_IDENTIFIER = lpa.CodeMagicBuildUITests;
				PRODUCT_NAME = "$(TARGET_NAME)";
				SWIFT_VERSION = 5.0;
				TARGETED_DEVICE_FAMILY = "1,2";
				TEST_TARGET_NAME = CodeMagicBuild;
			};
			name = Release;
		};
		9C0606BD26EA5A79001DA124 /* Debug */ = {
			isa = XCBuildConfiguration;
			buildSettings = {
				ASSETCATALOG_COMPILER_APPICON_NAME = AppIcon;
				ASSETCATALOG_COMPILER_GLOBAL_ACCENT_COLOR_NAME = AccentColor;
				CODE_SIGN_STYLE = Automatic;
				DEVELOPMENT_ASSET_PATHS = "\"CodeMagicBuild/Preview Content\"";
				DEVELOPMENT_TEAM = 4DMMRS6D94;
				ENABLE_PREVIEWS = YES;
				INFOPLIST_FILE = "CodeMagicBuild copy-Info.plist";
				IPHONEOS_DEPLOYMENT_TARGET = 14.0;
				LD_RUNPATH_SEARCH_PATHS = (
					"$(inherited)",
					"@executable_path/Frameworks",
				);
				PRODUCT_BUNDLE_IDENTIFIER = lpa.CodeMagicBuild;
				PRODUCT_NAME = "$(TARGET_NAME)";
				SWIFT_VERSION = 5.0;
				TARGETED_DEVICE_FAMILY = "1,2";
			};
			name = Debug;
		};
		9C0606BE26EA5A79001DA124 /* Release */ = {
			isa = XCBuildConfiguration;
			buildSettings = {
				ASSETCATALOG_COMPILER_APPICON_NAME = AppIcon;
				ASSETCATALOG_COMPILER_GLOBAL_ACCENT_COLOR_NAME = AccentColor;
				CODE_SIGN_STYLE = Automatic;
				DEVELOPMENT_ASSET_PATHS = "\"CodeMagicBuild/Preview Content\"";
				DEVELOPMENT_TEAM = 4DMMRS6D94;
				ENABLE_PREVIEWS = YES;
				INFOPLIST_FILE = "CodeMagicBuild copy-Info.plist";
				IPHONEOS_DEPLOYMENT_TARGET = 14.0;
				LD_RUNPATH_SEARCH_PATHS = (
					"$(inherited)",
					"@executable_path/Frameworks",
				);
				PRODUCT_BUNDLE_IDENTIFIER = lpa.CodeMagicBuild;
				PRODUCT_NAME = "$(TARGET_NAME)";
				SWIFT_VERSION = 5.0;
				TARGETED_DEVICE_FAMILY = "1,2";
			};
			name = Release;
		};
/* End XCBuildConfiguration section */

/* Begin XCConfigurationList section */
		9C06068126EA5A4B001DA124 /* Build configuration list for PBXProject "CodeMagicBuild" */ = {
			isa = XCConfigurationList;
			buildConfigurations = (
				9C0606A926EA5A4F001DA124 /* Debug */,
				9C0606AA26EA5A4F001DA124 /* Release */,
			);
			defaultConfigurationIsVisible = 0;
			defaultConfigurationName = Release;
		};
		9C0606AB26EA5A4F001DA124 /* Build configuration list for PBXNativeTarget "CodeMagicBuild" */ = {
			isa = XCConfigurationList;
			buildConfigurations = (
				9C0606AC26EA5A4F001DA124 /* Debug */,
				9C0606AD26EA5A4F001DA124 /* Release */,
			);
			defaultConfigurationIsVisible = 0;
			defaultConfigurationName = Release;
		};
		9C0606AE26EA5A4F001DA124 /* Build configuration list for PBXNativeTarget "CodeMagicBuildTests" */ = {
			isa = XCConfigurationList;
			buildConfigurations = (
				9C0606AF26EA5A4F001DA124 /* Debug */,
				9C0606B026EA5A4F001DA124 /* Release */,
			);
			defaultConfigurationIsVisible = 0;
			defaultConfigurationName = Release;
		};
		9C0606B126EA5A4F001DA124 /* Build configuration list for PBXNativeTarget "CodeMagicBuildUITests" */ = {
			isa = XCConfigurationList;
			buildConfigurations = (
				9C0606B226EA5A4F001DA124 /* Debug */,
				9C0606B326EA5A4F001DA124 /* Release */,
			);
			defaultConfigurationIsVisible = 0;
			defaultConfigurationName = Release;
		};
		9C0606BC26EA5A79001DA124 /* Build configuration list for PBXNativeTarget "CodeMagicBuild copy" */ = {
			isa = XCConfigurationList;
			buildConfigurations = (
				9C0606BD26EA5A79001DA124 /* Debug */,
				9C0606BE26EA5A79001DA124 /* Release */,
			);
			defaultConfigurationIsVisible = 0;
			defaultConfigurationName = Release;
		};
/* End XCConfigurationList section */
	};
	rootObject = 9C06067E26EA5A4B001DA124 /* Project object */;
}
